
Microsoft Visual Studio Solution File, Format Version 12.00
# Visual Studio 15
Project("{FAE04EC0-301F-11D3-BF4B-00C04F79EFBC}") = "Assembly-CSharp", "Assembly-CSharp.csproj", "{F5333735-B478-2C5C-2289-DD30FAFF04D5}"
EndProject
Project("{FAE04EC0-301F-11D3-BF4B-00C04F79EFBC}") = "Assembly-CSharp-Editor", "Assembly-CSharp-Editor.csproj", "{6242281B-1C43-3644-4F1D-6A818DF5ADEF}"
EndProject
Global
	GlobalSection(SolutionConfigurationPlatforms) = preSolution
		Debug|Any CPU = Debug|Any CPU
		Release|Any CPU = Release|Any CPU
	EndGlobalSection
	GlobalSection(ProjectConfigurationPlatforms) = postSolution
		{F5333735-B478-2C5C-2289-DD30FAFF04D5}.Debug|Any CPU.ActiveCfg = Debug|Any CPU
		{F5333735-B478-2C5C-2289-DD30FAFF04D5}.Debug|Any CPU.Build.0 = Debug|Any CPU
		{F5333735-B478-2C5C-2289-DD30FAFF04D5}.Release|Any CPU.ActiveCfg = Release|Any CPU
		{F5333735-B478-2C5C-2289-DD30FAFF04D5}.Release|Any CPU.Build.0 = Release|Any CPU
		{6242281B-1C43-3644-4F1D-6A818DF5ADEF}.Debug|Any CPU.ActiveCfg = Debug|Any CPU
		{6242281B-1C43-3644-4F1D-6A818DF5ADEF}.Debug|Any CPU.Build.0 = Debug|Any CPU
		{6242281B-1C43-3644-4F1D-6A818DF5ADEF}.Release|Any CPU.ActiveCfg = Release|Any CPU
		{6242281B-1C43-3644-4F1D-6A818DF5ADEF}.Release|Any CPU.Build.0 = Release|Any CPU
	EndGlobalSection
	GlobalSection(SolutionProperties) = preSolution
		HideSolutionNode = FALSE
	EndGlobalSection
EndGlobal
